PODS:
  - Alamofire (5.8.0)
  - Flutter (1.0.0)
  - flutter_osm_plugin (0.0.1):
    - Alamofire
    - Flutter
    - Polyline
    - Tangram-es
    - Yams
  - permission_handler_apple (9.1.1):
    - Flutter
  - Polyline (5.0.3)
  - Tangram-es (0.17.1)
  - url_launcher_ios (0.0.1):
    - Flutter
  - Yams (5.0.6)

DEPENDENCIES:
  - Flutter (from `Flutter`)
  - flutter_osm_plugin (from `.symlinks/plugins/flutter_osm_plugin/ios`)
  - permission_handler_apple (from `.symlinks/plugins/permission_handler_apple/ios`)
  - url_launcher_ios (from `.symlinks/plugins/url_launcher_ios/ios`)

SPEC REPOS:
  trunk:
    - Alamofire
    - Polyline
    - Tangram-es
    - Yams

EXTERNAL SOURCES:
  Flutter:
    :path: Flutter
  flutter_osm_plugin:
    :path: ".symlinks/plugins/flutter_osm_plugin/ios"
  permission_handler_apple:
    :path: ".symlinks/plugins/permission_handler_apple/ios"
  url_launcher_ios:
    :path: ".symlinks/plugins/url_launcher_ios/ios"

SPEC CHECKSUMS:
  Alamofire: 0e92e751b3e9e66d7982db43919d01f313b8eb91
  Flutter: f04841e97a9d0b0a8025694d0796dd46242b2854
  flutter_osm_plugin: b844e059e3ec0fdd74ca1ea3ec1760ac4fcadfd9
  permission_handler_apple: e76247795d700c14ea09e3a2d8855d41ee80a2e6
  Polyline: 3f1071b0377c153cdd233fd987492ce1ea005d58
  Tangram-es: 628b634f7fc09d2217469b9914de00d9de49ff9d
  url_launcher_ios: 68d46cc9766d0c41dbdc884310529557e3cd7a86
  Yams: e10dae147f517ed57ecae37c5e8681bdf8fcab65

PODFILE CHECKSUM: 70d9d25280d0dd177a5f637cdb0f0b0b12c6a189

COCOAPODS: 1.13.0
